
Microsoft Visual Studio Solution File, Format Version 12.00
# Visual Studio 2012
Project("{FAE04EC0-301F-11D3-BF4B-00C04F79EFBC}") = "NContext", "NContext\NContext.csproj", "{B5614B58-83C2-46BE-9463-9E140519298E}"
EndProject
Project("{FAE04EC0-301F-11D3-BF4B-00C04F79EFBC}") = "NContext.Extensions.Unity", "NContext.Extensions.Unity\NContext.Extensions.Unity.csproj", "{C6F06E82-728B-4CFD-86BE-CC5DFA815086}"
EndProject
Project("{FAE04EC0-301F-11D3-BF4B-00C04F79EFBC}") = "NContext.Extensions.EntityFramework", "NContext.Extensions.EntityFramework\NContext.Extensions.EntityFramework.csproj", "{C9F7B439-599F-404C-8203-A67AD5A3FEA9}"
EndProject
Project("{FAE04EC0-301F-11D3-BF4B-00C04F79EFBC}") = "NContext.Extensions.EnterpriseLibrary", "NContext.Extensions.EnterpriseLibrary\NContext.Extensions.EnterpriseLibrary.csproj", "{14AFB8B4-55E9-4127-B477-65B0549D5C79}"
EndProject
Project("{FAE04EC0-301F-11D3-BF4B-00C04F79EFBC}") = "NContext.Extensions.AspNetWebApi", "NContext.Extensions.AspNetWebApi\NContext.Extensions.AspNetWebApi.csproj", "{B59D121B-CEFE-41EA-9B29-5922C0B996D2}"
EndProject
Project("{FAE04EC0-301F-11D3-BF4B-00C04F79EFBC}") = "NContext.Common", "NContext.Common\NContext.Common.csproj", "{2EC085CE-BF81-46ED-A2D7-8CD0B9AFDEC2}"
EndProject
Project("{FAE04EC0-301F-11D3-BF4B-00C04F79EFBC}") = "NContext.Extensions.AppFabric", "NContext.Extensions.AppFabric\NContext.Extensions.AppFabric.csproj", "{7866C121-AA98-41E8-B691-FF568DF6B728}"
EndProject
Project("{2150E333-8FDC-42A3-9474-1A3956D46DE8}") = "Extensions", "Extensions", "{6BBB9AF7-DC1A-48B9-9C88-FF81AB932BB7}"
EndProject
Project("{FAE04EC0-301F-11D3-BF4B-00C04F79EFBC}") = "NContext.Extensions.ValueInjecter", "NContext.Extensions.ValueInjecter\NContext.Extensions.ValueInjecter.csproj", "{0EAFD594-5631-4C33-A5F2-BDA64E103421}"
EndProject
Project("{FAE04EC0-301F-11D3-BF4B-00C04F79EFBC}") = "NContext.Extensions.Ninject", "NContext.Extensions.Ninject\NContext.Extensions.Ninject.csproj", "{80FDE6FF-F96A-4264-AAF3-64B6D3FE3357}"
EndProject
Project("{FAE04EC0-301F-11D3-BF4B-00C04F79EFBC}") = "NContext.Extensions.AutoMapper", "NContext.Extensions.AutoMapper\NContext.Extensions.AutoMapper.csproj", "{97682107-3B66-4615-9350-F75FFE9510C8}"
EndProject
Project("{2150E333-8FDC-42A3-9474-1A3956D46DE8}") = "Solution Items", "Solution Items", "{4FDB19A9-243F-49B6-9F9D-3732515A632A}"
	ProjectSection(SolutionItems) = preProject
		AssemblyInfoShared.cs = AssemblyInfoShared.cs
	EndProjectSection
EndProject
Project("{2150E333-8FDC-42A3-9474-1A3956D46DE8}") = "NuGet", "NuGet", "{27AA2BEC-D44F-4526-A1E5-98D5F8490ED0}"
	ProjectSection(SolutionItems) = preProject
		NuGet\NContext.Common.nuspec = NuGet\NContext.Common.nuspec
		NuGet\NContext.Extensions.AspNetWebApi.nuspec = NuGet\NContext.Extensions.AspNetWebApi.nuspec
		NuGet\NContext.Extensions.AutoMapper.nuspec = NuGet\NContext.Extensions.AutoMapper.nuspec
		NuGet\NContext.Extensions.EnterpriseLibrary.nuspec = NuGet\NContext.Extensions.EnterpriseLibrary.nuspec
		NuGet\NContext.Extensions.EntityFramework.nuspec = NuGet\NContext.Extensions.EntityFramework.nuspec
		NuGet\NContext.Extensions.Ninject.nuspec = NuGet\NContext.Extensions.Ninject.nuspec
		NuGet\NContext.Extensions.Unity.nuspec = NuGet\NContext.Extensions.Unity.nuspec
		NuGet\NContext.Extensions.ValueInjecter.nuspec = NuGet\NContext.Extensions.ValueInjecter.nuspec
		NuGet\NContext.nuspec = NuGet\NContext.nuspec
	EndProjectSection
EndProject
Project("{2150E333-8FDC-42A3-9474-1A3956D46DE8}") = "Build", "Build", "{7737B376-DAD7-4F46-A4EE-F38B21E3D790}"
	ProjectSection(SolutionItems) = preProject
		ncontext.versioning.targets = ncontext.versioning.targets
	EndProjectSection
EndProject
Global
	GlobalSection(SolutionConfigurationPlatforms) = preSolution
		Debug|Any CPU = Debug|Any CPU
		Release|Any CPU = Release|Any CPU
	EndGlobalSection
	GlobalSection(ProjectConfigurationPlatforms) = postSolution
		{B5614B58-83C2-46BE-9463-9E140519298E}.Debug|Any CPU.ActiveCfg = Debug|Any CPU
		{B5614B58-83C2-46BE-9463-9E140519298E}.Debug|Any CPU.Build.0 = Debug|Any CPU
		{B5614B58-83C2-46BE-9463-9E140519298E}.Release|Any CPU.ActiveCfg = Release|Any CPU
		{B5614B58-83C2-46BE-9463-9E140519298E}.Release|Any CPU.Build.0 = Release|Any CPU
		{C6F06E82-728B-4CFD-86BE-CC5DFA815086}.Debug|Any CPU.ActiveCfg = Debug|Any CPU
		{C6F06E82-728B-4CFD-86BE-CC5DFA815086}.Debug|Any CPU.Build.0 = Debug|Any CPU
		{C6F06E82-728B-4CFD-86BE-CC5DFA815086}.Release|Any CPU.ActiveCfg = Release|Any CPU
		{C6F06E82-728B-4CFD-86BE-CC5DFA815086}.Release|Any CPU.Build.0 = Release|Any CPU
		{C9F7B439-599F-404C-8203-A67AD5A3FEA9}.Debug|Any CPU.ActiveCfg = Debug|Any CPU
		{C9F7B439-599F-404C-8203-A67AD5A3FEA9}.Debug|Any CPU.Build.0 = Debug|Any CPU
		{C9F7B439-599F-404C-8203-A67AD5A3FEA9}.Release|Any CPU.ActiveCfg = Release|Any CPU
		{C9F7B439-599F-404C-8203-A67AD5A3FEA9}.Release|Any CPU.Build.0 = Release|Any CPU
		{14AFB8B4-55E9-4127-B477-65B0549D5C79}.Debug|Any CPU.ActiveCfg = Debug|Any CPU
		{14AFB8B4-55E9-4127-B477-65B0549D5C79}.Debug|Any CPU.Build.0 = Debug|Any CPU
		{14AFB8B4-55E9-4127-B477-65B0549D5C79}.Release|Any CPU.ActiveCfg = Release|Any CPU
		{14AFB8B4-55E9-4127-B477-65B0549D5C79}.Release|Any CPU.Build.0 = Release|Any CPU
		{B59D121B-CEFE-41EA-9B29-5922C0B996D2}.Debug|Any CPU.ActiveCfg = Debug|Any CPU
		{B59D121B-CEFE-41EA-9B29-5922C0B996D2}.Debug|Any CPU.Build.0 = Debug|Any CPU
		{B59D121B-CEFE-41EA-9B29-5922C0B996D2}.Release|Any CPU.ActiveCfg = Release|Any CPU
		{B59D121B-CEFE-41EA-9B29-5922C0B996D2}.Release|Any CPU.Build.0 = Release|Any CPU
		{2EC085CE-BF81-46ED-A2D7-8CD0B9AFDEC2}.Debug|Any CPU.ActiveCfg = Debug|Any CPU
		{2EC085CE-BF81-46ED-A2D7-8CD0B9AFDEC2}.Debug|Any CPU.Build.0 = Debug|Any CPU
		{2EC085CE-BF81-46ED-A2D7-8CD0B9AFDEC2}.Release|Any CPU.ActiveCfg = Release|Any CPU
		{2EC085CE-BF81-46ED-A2D7-8CD0B9AFDEC2}.Release|Any CPU.Build.0 = Release|Any CPU
		{7866C121-AA98-41E8-B691-FF568DF6B728}.Debug|Any CPU.ActiveCfg = Debug|Any CPU
		{7866C121-AA98-41E8-B691-FF568DF6B728}.Debug|Any CPU.Build.0 = Debug|Any CPU
		{7866C121-AA98-41E8-B691-FF568DF6B728}.Release|Any CPU.ActiveCfg = Release|Any CPU
		{7866C121-AA98-41E8-B691-FF568DF6B728}.Release|Any CPU.Build.0 = Release|Any CPU
		{0EAFD594-5631-4C33-A5F2-BDA64E103421}.Debug|Any CPU.ActiveCfg = Debug|Any CPU
		{0EAFD594-5631-4C33-A5F2-BDA64E103421}.Debug|Any CPU.Build.0 = Debug|Any CPU
		{0EAFD594-5631-4C33-A5F2-BDA64E103421}.Release|Any CPU.ActiveCfg = Release|Any CPU
		{0EAFD594-5631-4C33-A5F2-BDA64E103421}.Release|Any CPU.Build.0 = Release|Any CPU
		{80FDE6FF-F96A-4264-AAF3-64B6D3FE3357}.Debug|Any CPU.ActiveCfg = Debug|Any CPU
		{80FDE6FF-F96A-4264-AAF3-64B6D3FE3357}.Debug|Any CPU.Build.0 = Debug|Any CPU
		{80FDE6FF-F96A-4264-AAF3-64B6D3FE3357}.Release|Any CPU.ActiveCfg = Release|Any CPU
		{80FDE6FF-F96A-4264-AAF3-64B6D3FE3357}.Release|Any CPU.Build.0 = Release|Any CPU
		{97682107-3B66-4615-9350-F75FFE9510C8}.Debug|Any CPU.ActiveCfg = Debug|Any CPU
		{97682107-3B66-4615-9350-F75FFE9510C8}.Debug|Any CPU.Build.0 = Debug|Any CPU
		{97682107-3B66-4615-9350-F75FFE9510C8}.Release|Any CPU.ActiveCfg = Release|Any CPU
		{97682107-3B66-4615-9350-F75FFE9510C8}.Release|Any CPU.Build.0 = Release|Any CPU
	EndGlobalSection
	GlobalSection(SolutionProperties) = preSolution
		HideSolutionNode = FALSE
	EndGlobalSection
	GlobalSection(NestedProjects) = preSolution
		{C9F7B439-599F-404C-8203-A67AD5A3FEA9} = {6BBB9AF7-DC1A-48B9-9C88-FF81AB932BB7}
		{14AFB8B4-55E9-4127-B477-65B0549D5C79} = {6BBB9AF7-DC1A-48B9-9C88-FF81AB932BB7}
		{B59D121B-CEFE-41EA-9B29-5922C0B996D2} = {6BBB9AF7-DC1A-48B9-9C88-FF81AB932BB7}
		{7866C121-AA98-41E8-B691-FF568DF6B728} = {6BBB9AF7-DC1A-48B9-9C88-FF81AB932BB7}
		{C6F06E82-728B-4CFD-86BE-CC5DFA815086} = {6BBB9AF7-DC1A-48B9-9C88-FF81AB932BB7}
		{0EAFD594-5631-4C33-A5F2-BDA64E103421} = {6BBB9AF7-DC1A-48B9-9C88-FF81AB932BB7}
		{80FDE6FF-F96A-4264-AAF3-64B6D3FE3357} = {6BBB9AF7-DC1A-48B9-9C88-FF81AB932BB7}
		{97682107-3B66-4615-9350-F75FFE9510C8} = {6BBB9AF7-DC1A-48B9-9C88-FF81AB932BB7}
		{27AA2BEC-D44F-4526-A1E5-98D5F8490ED0} = {4FDB19A9-243F-49B6-9F9D-3732515A632A}
		{7737B376-DAD7-4F46-A4EE-F38B21E3D790} = {4FDB19A9-243F-49B6-9F9D-3732515A632A}
	EndGlobalSection
	GlobalSection(ExtensibilityGlobals) = postSolution
		EnterpriseLibraryConfigurationToolBinariesPath = packages\Unity.2.1.505.0\lib\NET35;packages\Unity.Interception.2.1.505.0\lib\NET35;packages\EnterpriseLibrary.Common.5.0.505.0\lib\NET35;packages\EnterpriseLibrary.Security.5.0.505.0\lib\NET35;packages\EnterpriseLibrary.Security.Cryptography.5.0.505.0\lib\NET35;packages\EnterpriseLibrary.Validation.5.0.505.0\lib\NET35;packages\Unity.2.1.505.2\lib\NET35;packages\Unity.Interception.2.1.505.2\lib\NET35
	EndGlobalSection
EndGlobal
