
Microsoft Visual Studio Solution File, Format Version 11.00
# Visual Studio 2010
Project("{FAE04EC0-301F-11D3-BF4B-00C04F79EFBC}") = "NContext", "NContext\NContext.csproj", "{B5614B58-83C2-46BE-9463-9E140519298E}"
EndProject
Project("{FAE04EC0-301F-11D3-BF4B-00C04F79EFBC}") = "NContext.Extensions.Unity", "NContext.Extensions.Unity\NContext.Extensions.Unity.csproj", "{C6F06E82-728B-4CFD-86BE-CC5DFA815086}"
EndProject
Project("{FAE04EC0-301F-11D3-BF4B-00C04F79EFBC}") = "NContext.Extensions.EntityFramework", "NContext.Extensions.EntityFramework\NContext.Extensions.EntityFramework.csproj", "{C9F7B439-599F-404C-8203-A67AD5A3FEA9}"
EndProject
Project("{FAE04EC0-301F-11D3-BF4B-00C04F79EFBC}") = "NContext.Extensions.EnterpriseLibrary", "NContext.Extensions.EnterpriseLibrary\NContext.Extensions.EnterpriseLibrary.csproj", "{14AFB8B4-55E9-4127-B477-65B0549D5C79}"
EndProject
Project("{FAE04EC0-301F-11D3-BF4B-00C04F79EFBC}") = "NContext.Extensions.AspNetWebApi", "NContext.Extensions.AspNetWebApi\NContext.Extensions.AspNetWebApi.csproj", "{B59D121B-CEFE-41EA-9B29-5922C0B996D2}"
EndProject
Project("{FAE04EC0-301F-11D3-BF4B-00C04F79EFBC}") = "NContext.Dto", "NContext.Dto\NContext.Dto.csproj", "{2EC085CE-BF81-46ED-A2D7-8CD0B9AFDEC2}"
EndProject
Project("{FAE04EC0-301F-11D3-BF4B-00C04F79EFBC}") = "NContext.Public", "NContext.Public\NContext.Public.csproj", "{A1E2F769-1887-4300-9AC4-5005F22457E7}"
EndProject
Project("{FAE04EC0-301F-11D3-BF4B-00C04F79EFBC}") = "NContext.Extensions.AppFabric", "NContext.Extensions.AppFabric\NContext.Extensions.AppFabric.csproj", "{7866C121-AA98-41E8-B691-FF568DF6B728}"
EndProject
Project("{FAE04EC0-301F-11D3-BF4B-00C04F79EFBC}") = "NContext.Extensions.Unity.Tests.Unit", "NContext.Extensions.Unity.Tests.Unit\NContext.Extensions.Unity.Tests.Unit.csproj", "{D9C34C0E-CBCA-4266-807D-51C50BAF125D}"
EndProject
Project("{FAE04EC0-301F-11D3-BF4B-00C04F79EFBC}") = "NContext.Extensions.AspNetWebApi.Tests.Unit", "NContext.Extensions.AspNetWebApi.Tests.Unit\NContext.Extensions.AspNetWebApi.Tests.Unit.csproj", "{39C5BD28-4CBF-43EC-84D9-7EE6EDDD1A68}"
EndProject
Project("{FAE04EC0-301F-11D3-BF4B-00C04F79EFBC}") = "NContext.Tests.Unit", "NContext.Tests.Unit\NContext.Tests.Unit.csproj", "{E69D30E5-089E-47AB-AE68-F25F5852DF01}"
EndProject
Project("{2150E333-8FDC-42A3-9474-1A3956D46DE8}") = "Extensions", "Extensions", "{6BBB9AF7-DC1A-48B9-9C88-FF81AB932BB7}"
EndProject
Project("{FAE04EC0-301F-11D3-BF4B-00C04F79EFBC}") = "NContext.Extensions.ValueInjecter", "NContext.Extensions.ValueInjecter\NContext.Extensions.ValueInjecter.csproj", "{0EAFD594-5631-4C33-A5F2-BDA64E103421}"
EndProject
Project("{FAE04EC0-301F-11D3-BF4B-00C04F79EFBC}") = "NContext.Extensions.JsonNet", "NContext.Extensions.JsonNet\NContext.Extensions.JsonNet.csproj", "{7332FAF4-B39B-4DF7-B12C-5C7345D4E6DF}"
EndProject
Project("{FAE04EC0-301F-11D3-BF4B-00C04F79EFBC}") = "NContext.Dto.Tests.Unit", "NContext.Dto.Tests.Unit\NContext.Dto.Tests.Unit.csproj", "{0083C2B7-E8E3-472F-9413-DCCABE12D4D7}"
EndProject
Project("{FAE04EC0-301F-11D3-BF4B-00C04F79EFBC}") = "NContext.Extensions.Ninject", "NContext.Extensions.Ninject\NContext.Extensions.Ninject.csproj", "{80FDE6FF-F96A-4264-AAF3-64B6D3FE3357}"
EndProject
Project("{FAE04EC0-301F-11D3-BF4B-00C04F79EFBC}") = "NContext.Extensions.Ninject.Tests.Unit", "NContext.Extensions.Ninject.Tests.Unit\NContext.Extensions.Ninject.Tests.Unit.csproj", "{E4E34D0F-BCF6-4FFA-AF7C-4DF1CD826F15}"
EndProject
Project("{FAE04EC0-301F-11D3-BF4B-00C04F79EFBC}") = "NContext.Async", "NContext.Async\NContext.Async.csproj", "{F69FB87A-3460-4DC4-B652-60E2FB61AB48}"
EndProject
Project("{FAE04EC0-301F-11D3-BF4B-00C04F79EFBC}") = "NContext.Extensions.EnterpriseLibrary.Tests.Unit", "NContext.Extensions.EnterpriseLibrary.Tests.Unit\NContext.Extensions.EnterpriseLibrary.Tests.Unit.csproj", "{1215A865-3388-40FE-9C72-F341E92FA072}"
EndProject
Global
	GlobalSection(SolutionConfigurationPlatforms) = preSolution
		Debug DLL and Web|Any CPU = Debug DLL and Web|Any CPU
		Debug|Any CPU = Debug|Any CPU
		Release|Any CPU = Release|Any CPU
	EndGlobalSection
	GlobalSection(ProjectConfigurationPlatforms) = postSolution
		{B5614B58-83C2-46BE-9463-9E140519298E}.Debug DLL and Web|Any CPU.ActiveCfg = Debug|Any CPU
		{B5614B58-83C2-46BE-9463-9E140519298E}.Debug DLL and Web|Any CPU.Build.0 = Debug|Any CPU
		{B5614B58-83C2-46BE-9463-9E140519298E}.Debug|Any CPU.ActiveCfg = Debug|Any CPU
		{B5614B58-83C2-46BE-9463-9E140519298E}.Debug|Any CPU.Build.0 = Debug|Any CPU
		{B5614B58-83C2-46BE-9463-9E140519298E}.Release|Any CPU.ActiveCfg = Release|Any CPU
		{B5614B58-83C2-46BE-9463-9E140519298E}.Release|Any CPU.Build.0 = Release|Any CPU
		{C6F06E82-728B-4CFD-86BE-CC5DFA815086}.Debug DLL and Web|Any CPU.ActiveCfg = Debug|Any CPU
		{C6F06E82-728B-4CFD-86BE-CC5DFA815086}.Debug DLL and Web|Any CPU.Build.0 = Debug|Any CPU
		{C6F06E82-728B-4CFD-86BE-CC5DFA815086}.Debug|Any CPU.ActiveCfg = Debug|Any CPU
		{C6F06E82-728B-4CFD-86BE-CC5DFA815086}.Debug|Any CPU.Build.0 = Debug|Any CPU
		{C6F06E82-728B-4CFD-86BE-CC5DFA815086}.Release|Any CPU.ActiveCfg = Release|Any CPU
		{C6F06E82-728B-4CFD-86BE-CC5DFA815086}.Release|Any CPU.Build.0 = Release|Any CPU
		{C9F7B439-599F-404C-8203-A67AD5A3FEA9}.Debug DLL and Web|Any CPU.ActiveCfg = Debug|Any CPU
		{C9F7B439-599F-404C-8203-A67AD5A3FEA9}.Debug DLL and Web|Any CPU.Build.0 = Debug|Any CPU
		{C9F7B439-599F-404C-8203-A67AD5A3FEA9}.Debug|Any CPU.ActiveCfg = Debug|Any CPU
		{C9F7B439-599F-404C-8203-A67AD5A3FEA9}.Debug|Any CPU.Build.0 = Debug|Any CPU
		{C9F7B439-599F-404C-8203-A67AD5A3FEA9}.Release|Any CPU.ActiveCfg = Release|Any CPU
		{C9F7B439-599F-404C-8203-A67AD5A3FEA9}.Release|Any CPU.Build.0 = Release|Any CPU
		{14AFB8B4-55E9-4127-B477-65B0549D5C79}.Debug DLL and Web|Any CPU.ActiveCfg = Debug|Any CPU
		{14AFB8B4-55E9-4127-B477-65B0549D5C79}.Debug DLL and Web|Any CPU.Build.0 = Debug|Any CPU
		{14AFB8B4-55E9-4127-B477-65B0549D5C79}.Debug|Any CPU.ActiveCfg = Debug|Any CPU
		{14AFB8B4-55E9-4127-B477-65B0549D5C79}.Debug|Any CPU.Build.0 = Debug|Any CPU
		{14AFB8B4-55E9-4127-B477-65B0549D5C79}.Release|Any CPU.ActiveCfg = Release|Any CPU
		{14AFB8B4-55E9-4127-B477-65B0549D5C79}.Release|Any CPU.Build.0 = Release|Any CPU
		{B59D121B-CEFE-41EA-9B29-5922C0B996D2}.Debug DLL and Web|Any CPU.ActiveCfg = Debug|Any CPU
		{B59D121B-CEFE-41EA-9B29-5922C0B996D2}.Debug DLL and Web|Any CPU.Build.0 = Debug|Any CPU
		{B59D121B-CEFE-41EA-9B29-5922C0B996D2}.Debug|Any CPU.ActiveCfg = Debug|Any CPU
		{B59D121B-CEFE-41EA-9B29-5922C0B996D2}.Debug|Any CPU.Build.0 = Debug|Any CPU
		{B59D121B-CEFE-41EA-9B29-5922C0B996D2}.Release|Any CPU.ActiveCfg = Release|Any CPU
		{B59D121B-CEFE-41EA-9B29-5922C0B996D2}.Release|Any CPU.Build.0 = Release|Any CPU
		{2EC085CE-BF81-46ED-A2D7-8CD0B9AFDEC2}.Debug DLL and Web|Any CPU.ActiveCfg = Debug|Any CPU
		{2EC085CE-BF81-46ED-A2D7-8CD0B9AFDEC2}.Debug DLL and Web|Any CPU.Build.0 = Debug|Any CPU
		{2EC085CE-BF81-46ED-A2D7-8CD0B9AFDEC2}.Debug|Any CPU.ActiveCfg = Debug|Any CPU
		{2EC085CE-BF81-46ED-A2D7-8CD0B9AFDEC2}.Debug|Any CPU.Build.0 = Debug|Any CPU
		{2EC085CE-BF81-46ED-A2D7-8CD0B9AFDEC2}.Release|Any CPU.ActiveCfg = Release|Any CPU
		{2EC085CE-BF81-46ED-A2D7-8CD0B9AFDEC2}.Release|Any CPU.Build.0 = Release|Any CPU
		{A1E2F769-1887-4300-9AC4-5005F22457E7}.Debug DLL and Web|Any CPU.ActiveCfg = Debug|Any CPU
		{A1E2F769-1887-4300-9AC4-5005F22457E7}.Debug DLL and Web|Any CPU.Build.0 = Debug|Any CPU
		{A1E2F769-1887-4300-9AC4-5005F22457E7}.Debug|Any CPU.ActiveCfg = Debug|Any CPU
		{A1E2F769-1887-4300-9AC4-5005F22457E7}.Debug|Any CPU.Build.0 = Debug|Any CPU
		{A1E2F769-1887-4300-9AC4-5005F22457E7}.Release|Any CPU.ActiveCfg = Release|Any CPU
		{A1E2F769-1887-4300-9AC4-5005F22457E7}.Release|Any CPU.Build.0 = Release|Any CPU
		{7866C121-AA98-41E8-B691-FF568DF6B728}.Debug DLL and Web|Any CPU.ActiveCfg = Debug|Any CPU
		{7866C121-AA98-41E8-B691-FF568DF6B728}.Debug DLL and Web|Any CPU.Build.0 = Debug|Any CPU
		{7866C121-AA98-41E8-B691-FF568DF6B728}.Debug|Any CPU.ActiveCfg = Debug|Any CPU
		{7866C121-AA98-41E8-B691-FF568DF6B728}.Debug|Any CPU.Build.0 = Debug|Any CPU
		{7866C121-AA98-41E8-B691-FF568DF6B728}.Release|Any CPU.ActiveCfg = Release|Any CPU
		{7866C121-AA98-41E8-B691-FF568DF6B728}.Release|Any CPU.Build.0 = Release|Any CPU
		{D9C34C0E-CBCA-4266-807D-51C50BAF125D}.Debug DLL and Web|Any CPU.ActiveCfg = Debug|Any CPU
		{D9C34C0E-CBCA-4266-807D-51C50BAF125D}.Debug DLL and Web|Any CPU.Build.0 = Debug|Any CPU
		{D9C34C0E-CBCA-4266-807D-51C50BAF125D}.Debug|Any CPU.ActiveCfg = Debug|Any CPU
		{D9C34C0E-CBCA-4266-807D-51C50BAF125D}.Debug|Any CPU.Build.0 = Debug|Any CPU
		{D9C34C0E-CBCA-4266-807D-51C50BAF125D}.Release|Any CPU.ActiveCfg = Release|Any CPU
		{D9C34C0E-CBCA-4266-807D-51C50BAF125D}.Release|Any CPU.Build.0 = Release|Any CPU
		{39C5BD28-4CBF-43EC-84D9-7EE6EDDD1A68}.Debug DLL and Web|Any CPU.ActiveCfg = Debug|Any CPU
		{39C5BD28-4CBF-43EC-84D9-7EE6EDDD1A68}.Debug DLL and Web|Any CPU.Build.0 = Debug|Any CPU
		{39C5BD28-4CBF-43EC-84D9-7EE6EDDD1A68}.Debug|Any CPU.ActiveCfg = Debug|Any CPU
		{39C5BD28-4CBF-43EC-84D9-7EE6EDDD1A68}.Debug|Any CPU.Build.0 = Debug|Any CPU
		{39C5BD28-4CBF-43EC-84D9-7EE6EDDD1A68}.Release|Any CPU.ActiveCfg = Release|Any CPU
		{39C5BD28-4CBF-43EC-84D9-7EE6EDDD1A68}.Release|Any CPU.Build.0 = Release|Any CPU
		{E69D30E5-089E-47AB-AE68-F25F5852DF01}.Debug DLL and Web|Any CPU.ActiveCfg = Debug|Any CPU
		{E69D30E5-089E-47AB-AE68-F25F5852DF01}.Debug DLL and Web|Any CPU.Build.0 = Debug|Any CPU
		{E69D30E5-089E-47AB-AE68-F25F5852DF01}.Debug|Any CPU.ActiveCfg = Debug|Any CPU
		{E69D30E5-089E-47AB-AE68-F25F5852DF01}.Debug|Any CPU.Build.0 = Debug|Any CPU
		{E69D30E5-089E-47AB-AE68-F25F5852DF01}.Release|Any CPU.ActiveCfg = Release|Any CPU
		{E69D30E5-089E-47AB-AE68-F25F5852DF01}.Release|Any CPU.Build.0 = Release|Any CPU
		{0EAFD594-5631-4C33-A5F2-BDA64E103421}.Debug DLL and Web|Any CPU.ActiveCfg = Debug|Any CPU
		{0EAFD594-5631-4C33-A5F2-BDA64E103421}.Debug DLL and Web|Any CPU.Build.0 = Debug|Any CPU
		{0EAFD594-5631-4C33-A5F2-BDA64E103421}.Debug|Any CPU.ActiveCfg = Debug|Any CPU
		{0EAFD594-5631-4C33-A5F2-BDA64E103421}.Debug|Any CPU.Build.0 = Debug|Any CPU
		{0EAFD594-5631-4C33-A5F2-BDA64E103421}.Release|Any CPU.ActiveCfg = Release|Any CPU
		{0EAFD594-5631-4C33-A5F2-BDA64E103421}.Release|Any CPU.Build.0 = Release|Any CPU
		{7332FAF4-B39B-4DF7-B12C-5C7345D4E6DF}.Debug DLL and Web|Any CPU.ActiveCfg = Debug|Any CPU
		{7332FAF4-B39B-4DF7-B12C-5C7345D4E6DF}.Debug DLL and Web|Any CPU.Build.0 = Debug|Any CPU
		{7332FAF4-B39B-4DF7-B12C-5C7345D4E6DF}.Debug|Any CPU.ActiveCfg = Debug|Any CPU
		{7332FAF4-B39B-4DF7-B12C-5C7345D4E6DF}.Debug|Any CPU.Build.0 = Debug|Any CPU
		{7332FAF4-B39B-4DF7-B12C-5C7345D4E6DF}.Release|Any CPU.ActiveCfg = Release|Any CPU
		{7332FAF4-B39B-4DF7-B12C-5C7345D4E6DF}.Release|Any CPU.Build.0 = Release|Any CPU
		{0083C2B7-E8E3-472F-9413-DCCABE12D4D7}.Debug DLL and Web|Any CPU.ActiveCfg = Debug|Any CPU
		{0083C2B7-E8E3-472F-9413-DCCABE12D4D7}.Debug DLL and Web|Any CPU.Build.0 = Debug|Any CPU
		{0083C2B7-E8E3-472F-9413-DCCABE12D4D7}.Debug|Any CPU.ActiveCfg = Debug|Any CPU
		{0083C2B7-E8E3-472F-9413-DCCABE12D4D7}.Debug|Any CPU.Build.0 = Debug|Any CPU
		{0083C2B7-E8E3-472F-9413-DCCABE12D4D7}.Release|Any CPU.ActiveCfg = Release|Any CPU
		{0083C2B7-E8E3-472F-9413-DCCABE12D4D7}.Release|Any CPU.Build.0 = Release|Any CPU
		{80FDE6FF-F96A-4264-AAF3-64B6D3FE3357}.Debug DLL and Web|Any CPU.ActiveCfg = Debug|Any CPU
		{80FDE6FF-F96A-4264-AAF3-64B6D3FE3357}.Debug DLL and Web|Any CPU.Build.0 = Debug|Any CPU
		{80FDE6FF-F96A-4264-AAF3-64B6D3FE3357}.Debug|Any CPU.ActiveCfg = Debug|Any CPU
		{80FDE6FF-F96A-4264-AAF3-64B6D3FE3357}.Debug|Any CPU.Build.0 = Debug|Any CPU
		{80FDE6FF-F96A-4264-AAF3-64B6D3FE3357}.Release|Any CPU.ActiveCfg = Release|Any CPU
		{80FDE6FF-F96A-4264-AAF3-64B6D3FE3357}.Release|Any CPU.Build.0 = Release|Any CPU
		{E4E34D0F-BCF6-4FFA-AF7C-4DF1CD826F15}.Debug DLL and Web|Any CPU.ActiveCfg = Debug|Any CPU
		{E4E34D0F-BCF6-4FFA-AF7C-4DF1CD826F15}.Debug DLL and Web|Any CPU.Build.0 = Debug|Any CPU
		{E4E34D0F-BCF6-4FFA-AF7C-4DF1CD826F15}.Debug|Any CPU.ActiveCfg = Debug|Any CPU
		{E4E34D0F-BCF6-4FFA-AF7C-4DF1CD826F15}.Debug|Any CPU.Build.0 = Debug|Any CPU
		{E4E34D0F-BCF6-4FFA-AF7C-4DF1CD826F15}.Release|Any CPU.ActiveCfg = Release|Any CPU
		{E4E34D0F-BCF6-4FFA-AF7C-4DF1CD826F15}.Release|Any CPU.Build.0 = Release|Any CPU
		{F69FB87A-3460-4DC4-B652-60E2FB61AB48}.Debug DLL and Web|Any CPU.ActiveCfg = Debug|Any CPU
		{F69FB87A-3460-4DC4-B652-60E2FB61AB48}.Debug DLL and Web|Any CPU.Build.0 = Debug|Any CPU
		{F69FB87A-3460-4DC4-B652-60E2FB61AB48}.Debug|Any CPU.ActiveCfg = Debug|Any CPU
		{F69FB87A-3460-4DC4-B652-60E2FB61AB48}.Debug|Any CPU.Build.0 = Debug|Any CPU
		{F69FB87A-3460-4DC4-B652-60E2FB61AB48}.Release|Any CPU.ActiveCfg = Release|Any CPU
		{F69FB87A-3460-4DC4-B652-60E2FB61AB48}.Release|Any CPU.Build.0 = Release|Any CPU
		{1215A865-3388-40FE-9C72-F341E92FA072}.Debug DLL and Web|Any CPU.ActiveCfg = Debug|Any CPU
		{1215A865-3388-40FE-9C72-F341E92FA072}.Debug DLL and Web|Any CPU.Build.0 = Debug|Any CPU
		{1215A865-3388-40FE-9C72-F341E92FA072}.Debug|Any CPU.ActiveCfg = Debug|Any CPU
		{1215A865-3388-40FE-9C72-F341E92FA072}.Debug|Any CPU.Build.0 = Debug|Any CPU
		{1215A865-3388-40FE-9C72-F341E92FA072}.Release|Any CPU.ActiveCfg = Release|Any CPU
		{1215A865-3388-40FE-9C72-F341E92FA072}.Release|Any CPU.Build.0 = Release|Any CPU
	EndGlobalSection
	GlobalSection(SolutionProperties) = preSolution
		HideSolutionNode = FALSE
	EndGlobalSection
	GlobalSection(NestedProjects) = preSolution
		{C9F7B439-599F-404C-8203-A67AD5A3FEA9} = {6BBB9AF7-DC1A-48B9-9C88-FF81AB932BB7}
		{14AFB8B4-55E9-4127-B477-65B0549D5C79} = {6BBB9AF7-DC1A-48B9-9C88-FF81AB932BB7}
		{B59D121B-CEFE-41EA-9B29-5922C0B996D2} = {6BBB9AF7-DC1A-48B9-9C88-FF81AB932BB7}
		{7866C121-AA98-41E8-B691-FF568DF6B728} = {6BBB9AF7-DC1A-48B9-9C88-FF81AB932BB7}
		{D9C34C0E-CBCA-4266-807D-51C50BAF125D} = {6BBB9AF7-DC1A-48B9-9C88-FF81AB932BB7}
		{39C5BD28-4CBF-43EC-84D9-7EE6EDDD1A68} = {6BBB9AF7-DC1A-48B9-9C88-FF81AB932BB7}
		{C6F06E82-728B-4CFD-86BE-CC5DFA815086} = {6BBB9AF7-DC1A-48B9-9C88-FF81AB932BB7}
		{0EAFD594-5631-4C33-A5F2-BDA64E103421} = {6BBB9AF7-DC1A-48B9-9C88-FF81AB932BB7}
		{7332FAF4-B39B-4DF7-B12C-5C7345D4E6DF} = {6BBB9AF7-DC1A-48B9-9C88-FF81AB932BB7}
		{80FDE6FF-F96A-4264-AAF3-64B6D3FE3357} = {6BBB9AF7-DC1A-48B9-9C88-FF81AB932BB7}
		{E4E34D0F-BCF6-4FFA-AF7C-4DF1CD826F15} = {6BBB9AF7-DC1A-48B9-9C88-FF81AB932BB7}
		{1215A865-3388-40FE-9C72-F341E92FA072} = {6BBB9AF7-DC1A-48B9-9C88-FF81AB932BB7}
	EndGlobalSection
	GlobalSection(ExtensibilityGlobals) = postSolution
		EnterpriseLibraryConfigurationToolBinariesPath = packages\Unity.2.1.505.0\lib\NET35;packages\Unity.Interception.2.1.505.0\lib\NET35;packages\EnterpriseLibrary.Common.5.0.505.0\lib\NET35;packages\EnterpriseLibrary.Security.5.0.505.0\lib\NET35;packages\EnterpriseLibrary.Security.Cryptography.5.0.505.0\lib\NET35;packages\EnterpriseLibrary.Validation.5.0.505.0\lib\NET35
	EndGlobalSection
EndGlobal
